
Microsoft Visual Studio Solution File, Format Version 12.00
# Visual Studio Version 17
VisualStudioVersion = 17.0.31903.59
MinimumVisualStudioVersion = 10.0.40219.1
Project("{2150E333-8FDC-42A3-9474-1A3956D46DE8}") = "src", "src", "{352700AA-FE3A-4412-9662-5B475B611939}"
	ProjectSection(SolutionItems) = preProject
		docker-compose.yml = docker-compose.yml
	EndProjectSection
EndProject
Project("{9A19103F-16F7-4668-BE54-9A1E7A4F7556}") = "AuctionService", "src\AuctionService\AuctionService.csproj", "{CD35A673-1D56-4DA5-87DC-49476CA4C5C1}"
EndProject
Project("{9A19103F-16F7-4668-BE54-9A1E7A4F7556}") = "SearchService", "src\SearchService\SearchService.csproj", "{B4C0CA89-9BB7-423C-8A30-0B0A639FDCB0}"
EndProject
Project("{9A19103F-16F7-4668-BE54-9A1E7A4F7556}") = "Contracts", "src\Contracts\Contracts.csproj", "{74BE5F6B-29E2-476E-A426-FFC80A4B13FC}"
EndProject
Project("{9A19103F-16F7-4668-BE54-9A1E7A4F7556}") = "IdentityService", "src\IdentityService\IdentityService.csproj", "{8203B5F7-3235-4742-BCBB-CF21E19C6B9E}"
EndProject
Global
	GlobalSection(SolutionConfigurationPlatforms) = preSolution
		Debug|Any CPU = Debug|Any CPU
		Release|Any CPU = Release|Any CPU
	EndGlobalSection
	GlobalSection(ProjectConfigurationPlatforms) = postSolution
		{CD35A673-1D56-4DA5-87DC-49476CA4C5C1}.Debug|Any CPU.ActiveCfg = Debug|Any CPU
		{CD35A673-1D56-4DA5-87DC-49476CA4C5C1}.Debug|Any CPU.Build.0 = Debug|Any CPU
		{CD35A673-1D56-4DA5-87DC-49476CA4C5C1}.Release|Any CPU.ActiveCfg = Release|Any CPU
		{CD35A673-1D56-4DA5-87DC-49476CA4C5C1}.Release|Any CPU.Build.0 = Release|Any CPU
		{B4C0CA89-9BB7-423C-8A30-0B0A639FDCB0}.Debug|Any CPU.ActiveCfg = Debug|Any CPU
		{B4C0CA89-9BB7-423C-8A30-0B0A639FDCB0}.Debug|Any CPU.Build.0 = Debug|Any CPU
		{B4C0CA89-9BB7-423C-8A30-0B0A639FDCB0}.Release|Any CPU.ActiveCfg = Release|Any CPU
		{B4C0CA89-9BB7-423C-8A30-0B0A639FDCB0}.Release|Any CPU.Build.0 = Release|Any CPU
		{74BE5F6B-29E2-476E-A426-FFC80A4B13FC}.Debug|Any CPU.ActiveCfg = Debug|Any CPU
		{74BE5F6B-29E2-476E-A426-FFC80A4B13FC}.Debug|Any CPU.Build.0 = Debug|Any CPU
		{74BE5F6B-29E2-476E-A426-FFC80A4B13FC}.Release|Any CPU.ActiveCfg = Release|Any CPU
		{74BE5F6B-29E2-476E-A426-FFC80A4B13FC}.Release|Any CPU.Build.0 = Release|Any CPU
		{8203B5F7-3235-4742-BCBB-CF21E19C6B9E}.Debug|Any CPU.ActiveCfg = Debug|Any CPU
		{8203B5F7-3235-4742-BCBB-CF21E19C6B9E}.Debug|Any CPU.Build.0 = Debug|Any CPU
		{8203B5F7-3235-4742-BCBB-CF21E19C6B9E}.Release|Any CPU.ActiveCfg = Release|Any CPU
		{8203B5F7-3235-4742-BCBB-CF21E19C6B9E}.Release|Any CPU.Build.0 = Release|Any CPU
	EndGlobalSection
	GlobalSection(SolutionProperties) = preSolution
		HideSolutionNode = FALSE
	EndGlobalSection
	GlobalSection(NestedProjects) = preSolution
		{CD35A673-1D56-4DA5-87DC-49476CA4C5C1} = {352700AA-FE3A-4412-9662-5B475B611939}
		{B4C0CA89-9BB7-423C-8A30-0B0A639FDCB0} = {352700AA-FE3A-4412-9662-5B475B611939}
		{74BE5F6B-29E2-476E-A426-FFC80A4B13FC} = {352700AA-FE3A-4412-9662-5B475B611939}
		{8203B5F7-3235-4742-BCBB-CF21E19C6B9E} = {352700AA-FE3A-4412-9662-5B475B611939}
	EndGlobalSection
	GlobalSection(ExtensibilityGlobals) = postSolution
		SolutionGuid = {A7C94DDF-762F-4495-A379-8CF2DA7CDC51}
	EndGlobalSection
EndGlobal
